{
  "version": 4,
  "terraform_version": "1.5.2",
  "serial": 9,
  "lineage": "db54a970-4339-c9bb-bd99-d8489be8ba5d",
  "outputs": {},
  "resources": [
    {
      "mode": "managed",
      "type": "google_storage_bucket",
      "name": "gcs1",
      "provider": "provider[\"registry.terraform.io/hashicorp/google\"]",
      "instances": [
        {
          "schema_version": 0,
          "attributes": {
            "autoclass": [],
            "cors": [],
            "custom_placement_config": [],
            "default_event_based_hold": false,
            "encryption": [],
            "force_destroy": false,
            "id": "tf-bucket-132",
            "labels": {
              "env": "dev",
              "retailer_id": "Krogers"
            },
            "lifecycle_rule": [],
            "location": "US",
            "logging": [],
            "name": "tf-bucket-132",
            "project": "sandbox-20230402-w5065r",
            "public_access_prevention": "inherited",
            "requester_pays": false,
            "retention_policy": [],
            "self_link": "https://www.googleapis.com/storage/v1/b/tf-bucket-132",
            "storage_class": "NEARLINE",
            "timeouts": null,
            "uniform_bucket_level_access": false,
            "url": "gs://tf-bucket-132",
            "versioning": [],
            "website": []
          },
          "sensitive_attributes": [],
          "private": "eyJlMmJmYjczMC1lY2FhLTExZTYtOGY4OC0zNDM2M2JjN2M0YzAiOnsiY3JlYXRlIjo2MDAwMDAwMDAwMDAsInJlYWQiOjI0MDAwMDAwMDAwMCwidXBkYXRlIjoyNDAwMDAwMDAwMDB9fQ==",
          "dependencies": [
            "random_id.rid"
          ]
        }
      ]
    },
    {
      "mode": "managed",
      "type": "random_id",
      "name": "rid",
      "provider": "provider[\"registry.terraform.io/hashicorp/random\"]",
      "instances": [
        {
          "schema_version": 0,
          "attributes": {
            "b64_std": "hA==",
            "b64_url": "hA",
            "byte_length": 1,
            "dec": "132",
            "hex": "84",
            "id": "hA",
            "keepers": null,
            "prefix": null
          },
          "sensitive_attributes": []
        }
      ]
    }
  ],
  "check_results": null
}
