{
  "version": 4,
  "terraform_version": "1.5.2",
  "serial": 1,
  "lineage": "cf5d64a1-70ba-40ee-d236-ceae20d13c79",
  "outputs": {},
  "resources": [
    {
      "mode": "managed",
      "type": "local_file",
      "name": "cat_res",
      "provider": "provider[\"registry.terraform.io/hashicorp/local\"]",
      "instances": [
        {
          "schema_version": 0,
          "attributes": {
            "content": "I adore cat's",
            "content_base64": null,
            "content_base64sha256": "tMq5jDukQClEjTMGzPJ1G/MDceqirheuua0SuOoeYh0=",
            "content_base64sha512": "5ucxzeOd0nn2PMiKqY99WbWl/wpSSiplTYuiT29Q+AdmbKS/YeAvqmqi5fteRKE1Ods995mKSjdoddTjaBVoQg==",
            "content_md5": "86aca7feda9ce7cc6b6017cef4afcfce",
            "content_sha1": "24bd62dc9b1acfa9b97f3cc39df186490bb81610",
            "content_sha256": "b4cab98c3ba44029448d3306ccf2751bf30371eaa2ae17aeb9ad12b8ea1e621d",
            "content_sha512": "e6e731cde39dd279f63cc88aa98f7d59b5a5ff0a524a2a654d8ba24f6f50f807666ca4bf61e02faa6aa2e5fb5e44a13539db3df7998a4a376875d4e368156842",
            "directory_permission": "0700",
            "file_permission": "0700",
            "filename": "cat.txt",
            "id": "24bd62dc9b1acfa9b97f3cc39df186490bb81610",
            "sensitive_content": null,
            "source": null
          },
          "sensitive_attributes": []
        }
      ]
    },
    {
      "mode": "managed",
      "type": "local_file",
      "name": "dog_res",
      "provider": "provider[\"registry.terraform.io/hashicorp/local\"]",
      "instances": [
        {
          "schema_version": 0,
          "attributes": {
            "content": "I adore dog's",
            "content_base64": null,
            "content_base64sha256": "7mOxUpYdnFUwyvXsmpgpUluuQWzXA1bjprxgbHokS1A=",
            "content_base64sha512": "X4VmOt9ziadb/h8al1U8uNtbPT3nrbZC7W5Xpc68Wp0SbE3FgKgJaES/gthBEYoXlZMd+TKnGvHXsmo0c8ZuPA==",
            "content_md5": "7675e48b28acaa1900460f4e505cfb1d",
            "content_sha1": "23a84da096ddf4ba481f59e9b14f97a26f23c5cc",
            "content_sha256": "ee63b152961d9c5530caf5ec9a9829525bae416cd70356e3a6bc606c7a244b50",
            "content_sha512": "5f85663adf7389a75bfe1f1a97553cb8db5b3d3de7adb642ed6e57a5cebc5a9d126c4dc580a8096844bf82d841118a1795931df932a71af1d7b26a3473c66e3c",
            "directory_permission": "0700",
            "file_permission": "0700",
            "filename": "dog.txt",
            "id": "23a84da096ddf4ba481f59e9b14f97a26f23c5cc",
            "sensitive_content": null,
            "source": null
          },
          "sensitive_attributes": []
        }
      ]
    }
  ],
  "check_results": null
}
