{
  "version": 4,
  "terraform_version": "1.5.2",
  "serial": 2,
  "lineage": "f4e9d5b6-cde7-0b6d-e3a5-2eb79f342657",
  "outputs": {
    "rand_string": {
      "value": "}y=C\u003cpxFO0jr[ggT$9rx",
      "type": "string"
    }
  },
  "resources": [
    {
      "mode": "managed",
      "type": "random_string",
      "name": "rstring",
      "provider": "provider[\"registry.terraform.io/hashicorp/random\"]",
      "instances": [
        {
          "schema_version": 2,
          "attributes": {
            "id": "}y=C\u003cpxFO0jr[ggT$9rx",
            "keepers": null,
            "length": 20,
            "lower": true,
            "min_lower": 0,
            "min_numeric": 0,
            "min_special": 0,
            "min_upper": 0,
            "number": true,
            "numeric": true,
            "override_special": null,
            "result": "}y=C\u003cpxFO0jr[ggT$9rx",
            "special": true,
            "upper": true
          },
          "sensitive_attributes": []
        }
      ]
    }
  ],
  "check_results": null
}
