{
  "version": 4,
  "terraform_version": "1.5.2",
  "serial": 13,
  "lineage": "45b70b8a-49a8-cbd2-547b-596747a972ee",
  "outputs": {},
  "resources": [
    {
      "mode": "managed",
      "type": "local_file",
      "name": "sample_res",
      "provider": "provider[\"registry.terraform.io/hashicorp/local\"]",
      "instances": [
        {
          "schema_version": 0,
          "attributes": {
            "content": "Ankit",
            "content_base64": null,
            "content_base64sha256": "qBXq7lZvmT4UE6ruiHRYfGZynQBhgMXOKcZ+j3naq7I=",
            "content_base64sha512": "BVUqfKnTAGWXU2q0dBqvXAEJiM417UId7meqELxAvvSeEb07PMa6fFSTee8zMdH2ZpqOE5IiumhXALkEfdlJnw==",
            "content_md5": "e28fb219203595a0a0bbda024303d135",
            "content_sha1": "85369d42a5c118f8159ecbc2cbdac30f4629d91d",
            "content_sha256": "a815eaee566f993e1413aaee8874587c66729d006180c5ce29c67e8f79daabb2",
            "content_sha512": "05552a7ca9d3006597536ab4741aaf5c010988ce35ed421dee67aa10bc40bef49e11bd3b3cc6ba7c549379ef3331d1f6669a8e139222ba685700b9047dd9499f",
            "directory_permission": "0777",
            "file_permission": "0777",
            "filename": "sample1.txt",
            "id": "85369d42a5c118f8159ecbc2cbdac30f4629d91d",
            "sensitive_content": null,
            "source": null
          },
          "sensitive_attributes": []
        }
      ]
    }
  ],
  "check_results": null
}
