{
  "version": 4,
  "terraform_version": "1.5.2",
  "serial": 4,
  "lineage": "1e142b85-6089-564c-039a-5ba9b83ded65",
  "outputs": {
    "name": {
      "value": 137,
      "type": "number"
    }
  },
  "resources": [
    {
      "mode": "managed",
      "type": "random_integer",
      "name": "rint",
      "provider": "provider[\"registry.terraform.io/hashicorp/random\"]",
      "instances": [
        {
          "schema_version": 0,
          "attributes": {
            "id": "137",
            "keepers": null,
            "max": 200,
            "min": 80,
            "result": 137,
            "seed": null
          },
          "sensitive_attributes": []
        }
      ]
    }
  ],
  "check_results": null
}
